PODS:
  - cie_sign_flutter (0.0.1):
    - Flutter
  - Flutter (1.0.0)
  - integration_test (0.0.1):
    - Flutter
  - open_filex (0.0.2):
    - Flutter
  - path_provider_foundation (0.0.1):
    - Flutter
    - FlutterMacOS
  - pdfium_flutter (0.1.5):
    - Flutter
    - FlutterMacOS
  - share_plus (0.0.1):
    - Flutter
  - url_launcher_ios (0.0.1):
    - Flutter

DEPENDENCIES:
  - cie_sign_flutter (from `.symlinks/plugins/cie_sign_flutter/ios`)
  - Flutter (from `Flutter`)
  - integration_test (from `.symlinks/plugins/integration_test/ios`)
  - open_filex (from `.symlinks/plugins/open_filex/ios`)
  - path_provider_foundation (from `.symlinks/plugins/path_provider_foundation/darwin`)
  - pdfium_flutter (from `.symlinks/plugins/pdfium_flutter/darwin`)
  - share_plus (from `.symlinks/plugins/share_plus/ios`)
  - url_launcher_ios (from `.symlinks/plugins/url_launcher_ios/ios`)

EXTERNAL SOURCES:
  cie_sign_flutter:
    :path: ".symlinks/plugins/cie_sign_flutter/ios"
  Flutter:
    :path: Flutter
  integration_test:
    :path: ".symlinks/plugins/integration_test/ios"
  open_filex:
    :path: ".symlinks/plugins/open_filex/ios"
  path_provider_foundation:
    :path: ".symlinks/plugins/path_provider_foundation/darwin"
  pdfium_flutter:
    :path: ".symlinks/plugins/pdfium_flutter/darwin"
  share_plus:
    :path: ".symlinks/plugins/share_plus/ios"
  url_launcher_ios:
    :path: ".symlinks/plugins/url_launcher_ios/ios"

SPEC CHECKSUMS:
  cie_sign_flutter: e3d84e4e6ae62943a36313848f222100904e51d3
  Flutter: cabc95a1d2626b1b06e7179b784ebcf0c0cde467
  integration_test: 4a889634ef21a45d28d50d622cf412dc6d9f586e
  open_filex: 432f3cd11432da3e39f47fcc0df2b1603854eff1
  path_provider_foundation: bb55f6dbba17d0dccd6737fe6f7f34fbd0376880
  pdfium_flutter: 512bc19dbbd80b4287d04869aa19ad729289079d
  share_plus: 50da8cb520a8f0f65671c6c6a99b3617ed10a58a
  url_launcher_ios: 7a95fa5b60cc718a708b8f2966718e93db0cef1b

PODFILE CHECKSUM: 3c63482e143d1b91d2d2560aee9fb04ecc74ac7e

COCOAPODS: 1.16.2
